Microsoft Visual Studio Solution File, Format Version 12.00
# Visual Studio Version 17
VisualStudioVersion = 17.11.35219.272
MinimumVisualStudioVersion = 10.0.40219.1
Project("{8BC9CEB8-8B4A-11D0-8D11-00A0C91BC942}") = "ChatApp", "ChatApp.vcxproj", "{6AECF6D0-1B11-483D-A9ED-44026305F3BE}"
EndProject
Global
	GlobalSection(SolutionConfigurationPlatforms) = preSolution
		Debug|ARM64 = Debug|ARM64
		Release|ARM64 = Release|ARM64
	EndGlobalSection
	GlobalSection(ProjectConfigurationPlatforms) = postSolution
		{6AECF6D0-1B11-483D-A9ED-44026305F3BE}.Debug|ARM64.ActiveCfg = Debug|ARM64
		{6AECF6D0-1B11-483D-A9ED-44026305F3BE}.Debug|ARM64.Build.0 = Debug|ARM64
		{6AECF6D0-1B11-483D-A9ED-44026305F3BE}.Release|ARM64.ActiveCfg = Release|ARM64
		{6AECF6D0-1B11-483D-A9ED-44026305F3BE}.Release|ARM64.Build.0 = Release|ARM64
	EndGlobalSection
	GlobalSection(SolutionProperties) = preSolution
		HideSolutionNode = FALSE
	EndGlobalSection
	GlobalSection(ExtensibilityGlobals) = postSolution
		SolutionGuid = {3EEC2CD0-F0DA-42ED-970E-1440F93328A7}
	EndGlobalSection
EndGlobal
